
Microsoft Visual Studio Solution File, Format Version 12.00
# Visual Studio 15
VisualStudioVersion = 15.0.28010.2016
MinimumVisualStudioVersion = 10.0.40219.1
Project("{E24C65DC-7377-472B-9ABA-BC803B73C61A}") = "cia4103_week4_state_management_revision", "cia4103_week4_state_management_revision\", "{3A8D8552-10EC-4093-AB22-4F8D8C27F157}"
	ProjectSection(WebsiteProperties) = preProject
		TargetFrameworkMoniker = ".NETFramework,Version%3Dv4.6.1"
		Debug.AspNetCompiler.VirtualPath = "/localhost_59141"
		Debug.AspNetCompiler.PhysicalPath = "cia4103_week4_state_management_revision\"
		Debug.AspNetCompiler.TargetPath = "PrecompiledWeb\localhost_59141\"
		Debug.AspNetCompiler.Updateable = "true"
		Debug.AspNetCompiler.ForceOverwrite = "true"
		Debug.AspNetCompiler.FixedNames = "false"
		Debug.AspNetCompiler.Debug = "True"
		Release.AspNetCompiler.VirtualPath = "/localhost_59141"
		Release.AspNetCompiler.PhysicalPath = "cia4103_week4_state_management_revision\"
		Release.AspNetCompiler.TargetPath = "PrecompiledWeb\localhost_59141\"
		Release.AspNetCompiler.Updateable = "true"
		Release.AspNetCompiler.ForceOverwrite = "true"
		Release.AspNetCompiler.FixedNames = "false"
		Release.AspNetCompiler.Debug = "False"
		VWDPort = "59141"
		SlnRelativePath = "cia4103_week4_state_management_revision\"
		DefaultWebSiteLanguage = "Visual C#"
	EndProjectSection
EndProject
Global
	GlobalSection(SolutionConfigurationPlatforms) = preSolution
		Debug|Any CPU = Debug|Any CPU
	EndGlobalSection
	GlobalSection(ProjectConfigurationPlatforms) = postSolution
		{3A8D8552-10EC-4093-AB22-4F8D8C27F157}.Debug|Any CPU.ActiveCfg = Debug|Any CPU
		{3A8D8552-10EC-4093-AB22-4F8D8C27F157}.Debug|Any CPU.Build.0 = Debug|Any CPU
	EndGlobalSection
	GlobalSection(SolutionProperties) = preSolution
		HideSolutionNode = FALSE
	EndGlobalSection
	GlobalSection(ExtensibilityGlobals) = postSolution
		SolutionGuid = {32FD3641-0639-4EC8-859D-BB1F4D8AB0B1}
	EndGlobalSection
EndGlobal
